
Microsoft Visual Studio Solution File, Format Version 12.00
Project("{FAE04EC0-301F-11D3-BF4B-00C04F79EFBC}") = "AuctionChainClient", "AuctionChainClient\AuctionChainClient.csproj", "{BF023AA2-4DBA-42C8-9D81-8DEC9F9518ED}"
EndProject
Global
	GlobalSection(SolutionConfigurationPlatforms) = preSolution
		Debug|Any CPU = Debug|Any CPU
		Release|Any CPU = Release|Any CPU
	EndGlobalSection
	GlobalSection(ProjectConfigurationPlatforms) = postSolution
		{BF023AA2-4DBA-42C8-9D81-8DEC9F9518ED}.Debug|Any CPU.ActiveCfg = Debug|Any CPU
		{BF023AA2-4DBA-42C8-9D81-8DEC9F9518ED}.Debug|Any CPU.Build.0 = Debug|Any CPU
		{BF023AA2-4DBA-42C8-9D81-8DEC9F9518ED}.Release|Any CPU.ActiveCfg = Release|Any CPU
		{BF023AA2-4DBA-42C8-9D81-8DEC9F9518ED}.Release|Any CPU.Build.0 = Release|Any CPU
	EndGlobalSection
EndGlobal
